
Microsoft Visual Studio Solution File, Format Version 12.00
# Visual Studio Version 16
VisualStudioVersion = 16.0.32510.428
MinimumVisualStudioVersion = 10.0.40219.1
Project("{FAE04EC0-301F-11D3-BF4B-00C04F79EFBC}") = "BlueCar Api", "BlueCar Api\BlueCar Api.csproj", "{22853462-71E1-4E24-9267-2E6E0E3E82D8}"
EndProject
Project("{FAE04EC0-301F-11D3-BF4B-00C04F79EFBC}") = "BlueCar.Data", "BlueCar.Data\BlueCar.Data.csproj", "{EE9D7962-6448-4DD9-A67D-E5118BB3049A}"
EndProject
Project("{FAE04EC0-301F-11D3-BF4B-00C04F79EFBC}") = "BlueCar.Engine", "BlueCar.Engine\BlueCar.Engine.csproj", "{54C0ED7B-E59F-4738-B3CA-48CB291AD356}"
EndProject
Project("{FAE04EC0-301F-11D3-BF4B-00C04F79EFBC}") = "BlueCar.Payments", "BlueCar.Payments\BlueCar.Payments.csproj", "{7DD38DBD-578E-4C83-9C0A-EF168463F52A}"
EndProject
Global
	GlobalSection(SolutionConfigurationPlatforms) = preSolution
		Debug|Any CPU = Debug|Any CPU
		Release|Any CPU = Release|Any CPU
	EndGlobalSection
	GlobalSection(ProjectConfigurationPlatforms) = postSolution
		{22853462-71E1-4E24-9267-2E6E0E3E82D8}.Debug|Any CPU.ActiveCfg = Debug|Any CPU
		{22853462-71E1-4E24-9267-2E6E0E3E82D8}.Debug|Any CPU.Build.0 = Debug|Any CPU
		{22853462-71E1-4E24-9267-2E6E0E3E82D8}.Release|Any CPU.ActiveCfg = Release|Any CPU
		{22853462-71E1-4E24-9267-2E6E0E3E82D8}.Release|Any CPU.Build.0 = Release|Any CPU
		{EE9D7962-6448-4DD9-A67D-E5118BB3049A}.Debug|Any CPU.ActiveCfg = Debug|Any CPU
		{EE9D7962-6448-4DD9-A67D-E5118BB3049A}.Debug|Any CPU.Build.0 = Debug|Any CPU
		{EE9D7962-6448-4DD9-A67D-E5118BB3049A}.Release|Any CPU.ActiveCfg = Release|Any CPU
		{EE9D7962-6448-4DD9-A67D-E5118BB3049A}.Release|Any CPU.Build.0 = Release|Any CPU
		{54C0ED7B-E59F-4738-B3CA-48CB291AD356}.Debug|Any CPU.ActiveCfg = Debug|Any CPU
		{54C0ED7B-E59F-4738-B3CA-48CB291AD356}.Debug|Any CPU.Build.0 = Debug|Any CPU
		{54C0ED7B-E59F-4738-B3CA-48CB291AD356}.Release|Any CPU.ActiveCfg = Release|Any CPU
		{54C0ED7B-E59F-4738-B3CA-48CB291AD356}.Release|Any CPU.Build.0 = Release|Any CPU
		{7DD38DBD-578E-4C83-9C0A-EF168463F52A}.Debug|Any CPU.ActiveCfg = Debug|Any CPU
		{7DD38DBD-578E-4C83-9C0A-EF168463F52A}.Debug|Any CPU.Build.0 = Debug|Any CPU
		{7DD38DBD-578E-4C83-9C0A-EF168463F52A}.Release|Any CPU.ActiveCfg = Release|Any CPU
		{7DD38DBD-578E-4C83-9C0A-EF168463F52A}.Release|Any CPU.Build.0 = Release|Any CPU
	EndGlobalSection
	GlobalSection(SolutionProperties) = preSolution
		HideSolutionNode = FALSE
	EndGlobalSection
	GlobalSection(ExtensibilityGlobals) = postSolution
		SolutionGuid = {D27054B2-7115-4CD7-8796-5E0AE4C15D0A}
	EndGlobalSection
EndGlobal
